[root]
name = "robinson"
version = "0.0.1"
dependencies = [
 "image 0.2.0-alpha.4 (git+https://github.com/mbrubeck/image?branch=unboxed-closures)",
]

[[package]]
name = "image"
version = "0.2.0-alpha.4"
source = "git+https://github.com/mbrubeck/image?branch=unboxed-closures#4c9d3d211ca1be3a97ce0de412d4f6e9e16f3343"
dependencies = [
 "num 0.1.5 (git+https://github.com/rust-lang/num)",
]

[[package]]
name = "num"
version = "0.1.5"
source = "git+https://github.com/rust-lang/num#431dd18aff182b04050122cba0604c6ad9a19446"
dependencies = [
 "rustc-serialize 0.2.5 (registry+https://github.com/rust-lang/crates.io-index)",
]

[[package]]
name = "rustc-serialize"
version = "0.2.5"
source = "registry+https://github.com/rust-lang/crates.io-index"

