[root]
name = "robinson"
version = "0.0.1"
dependencies = [
 "getopts 0.2.1 (registry+https://github.com/rust-lang/crates.io-index)",
 "image 0.2.0-alpha.8 (git+https://github.com/PistonDevelopers/image)",
]

[[package]]
name = "getopts"
version = "0.2.1"
source = "registry+https://github.com/rust-lang/crates.io-index"
dependencies = [
 "log 0.2.2 (registry+https://github.com/rust-lang/crates.io-index)",
]

[[package]]
name = "image"
version = "0.2.0-alpha.8"
source = "git+https://github.com/PistonDevelopers/image#db5fdba858bd799722485004f3f2a06e27ca5c88"
dependencies = [
 "num 0.1.12 (git+https://github.com/rust-lang/num)",
]

[[package]]
name = "log"
version = "0.2.2"
source = "registry+https://github.com/rust-lang/crates.io-index"

[[package]]
name = "num"
version = "0.1.12"
source = "git+https://github.com/rust-lang/num#0811c72bacce6d8adc7a25be8292ba55f4118d9e"
dependencies = [
 "rustc-serialize 0.2.11 (registry+https://github.com/rust-lang/crates.io-index)",
]

[[package]]
name = "rustc-serialize"
version = "0.2.11"
source = "registry+https://github.com/rust-lang/crates.io-index"

